
Microsoft Visual Studio Solution File, Format Version 12.00
# Visual Studio Version 16
VisualStudioVersion = 16.0.30204.135
MinimumVisualStudioVersion = 10.0.40219.1
Project("{FAE04EC0-301F-11D3-BF4B-00C04F79EFBC}") = "EhrenBot", "EhrenBot\EhrenBot.csproj", "{054A53E9-1E0B-49E7-B9E7-E46E1512AD92}"
EndProject
Global
	GlobalSection(SolutionConfigurationPlatforms) = preSolution
		Debug|Any CPU = Debug|Any CPU
		Release|Any CPU = Release|Any CPU
	EndGlobalSection
	GlobalSection(ProjectConfigurationPlatforms) = postSolution
		{054A53E9-1E0B-49E7-B9E7-E46E1512AD92}.Debug|Any CPU.ActiveCfg = Debug|Any CPU
		{054A53E9-1E0B-49E7-B9E7-E46E1512AD92}.Debug|Any CPU.Build.0 = Debug|Any CPU
		{054A53E9-1E0B-49E7-B9E7-E46E1512AD92}.Release|Any CPU.ActiveCfg = Release|Any CPU
		{054A53E9-1E0B-49E7-B9E7-E46E1512AD92}.Release|Any CPU.Build.0 = Release|Any CPU
	EndGlobalSection
	GlobalSection(SolutionProperties) = preSolution
		HideSolutionNode = FALSE
	EndGlobalSection
	GlobalSection(ExtensibilityGlobals) = postSolution
		SolutionGuid = {448BE630-A84A-426A-9B71-A6C240951310}
	EndGlobalSection
EndGlobal
